
Microsoft Visual Studio Solution File, Format Version 12.00
# Visual Studio Version 17
VisualStudioVersion = 17.13.35919.96 d17.13
MinimumVisualStudioVersion = 10.0.40219.1
Project("{FAE04EC0-301F-11D3-BF4B-00C04F79EFBC}") = "TheOpenRoad", "TheOpenRoad\TheOpenRoad.csproj", "{743F0F7A-EAF8-4D0A-8769-9F608CBABAC3}"
EndProject
Global
	GlobalSection(SolutionConfigurationPlatforms) = preSolution
		Debug|Any CPU = Debug|Any CPU
		Release|Any CPU = Release|Any CPU
	EndGlobalSection
	GlobalSection(ProjectConfigurationPlatforms) = postSolution
		{743F0F7A-EAF8-4D0A-8769-9F608CBABAC3}.Debug|Any CPU.ActiveCfg = Debug|Any CPU
		{743F0F7A-EAF8-4D0A-8769-9F608CBABAC3}.Debug|Any CPU.Build.0 = Debug|Any CPU
		{743F0F7A-EAF8-4D0A-8769-9F608CBABAC3}.Release|Any CPU.ActiveCfg = Release|Any CPU
		{743F0F7A-EAF8-4D0A-8769-9F608CBABAC3}.Release|Any CPU.Build.0 = Release|Any CPU
	EndGlobalSection
	GlobalSection(SolutionProperties) = preSolution
		HideSolutionNode = FALSE
	EndGlobalSection
	GlobalSection(ExtensibilityGlobals) = postSolution
		SolutionGuid = {F56CF7F0-333C-4B0A-8783-DCA1AA52A5DF}
	EndGlobalSection
EndGlobal
